
Microsoft Visual Studio Solution File, Format Version 12.00
# Visual Studio 14
VisualStudioVersion = 14.0.25420.1
MinimumVisualStudioVersion = 10.0.40219.1
Project("{FAE04EC0-301F-11D3-BF4B-00C04F79EFBC}") = "UnityTest", "UnityTest\UnityTest.csproj", "{7B188984-AE9E-489B-B531-B8653F014615}"
EndProject
Project("{FAE04EC0-301F-11D3-BF4B-00C04F79EFBC}") = "Interfaces", "Interfaces\Interfaces.csproj", "{A2185646-DBBA-4CD9-8997-A0660594494E}"
EndProject
Project("{FAE04EC0-301F-11D3-BF4B-00C04F79EFBC}") = "Implementations", "Implementations\Implementations.csproj", "{57D64DC3-1662-4CAA-82A8-9C7BE5296CDC}"
EndProject
Global
	GlobalSection(SolutionConfigurationPlatforms) = preSolution
		Debug|Any CPU = Debug|Any CPU
		Release|Any CPU = Release|Any CPU
	EndGlobalSection
	GlobalSection(ProjectConfigurationPlatforms) = postSolution
		{7B188984-AE9E-489B-B531-B8653F014615}.Debug|Any CPU.ActiveCfg = Debug|Any CPU
		{7B188984-AE9E-489B-B531-B8653F014615}.Debug|Any CPU.Build.0 = Debug|Any CPU
		{7B188984-AE9E-489B-B531-B8653F014615}.Release|Any CPU.ActiveCfg = Release|Any CPU
		{7B188984-AE9E-489B-B531-B8653F014615}.Release|Any CPU.Build.0 = Release|Any CPU
		{A2185646-DBBA-4CD9-8997-A0660594494E}.Debug|Any CPU.ActiveCfg = Debug|Any CPU
		{A2185646-DBBA-4CD9-8997-A0660594494E}.Debug|Any CPU.Build.0 = Debug|Any CPU
		{A2185646-DBBA-4CD9-8997-A0660594494E}.Release|Any CPU.ActiveCfg = Release|Any CPU
		{A2185646-DBBA-4CD9-8997-A0660594494E}.Release|Any CPU.Build.0 = Release|Any CPU
		{57D64DC3-1662-4CAA-82A8-9C7BE5296CDC}.Debug|Any CPU.ActiveCfg = Debug|Any CPU
		{57D64DC3-1662-4CAA-82A8-9C7BE5296CDC}.Debug|Any CPU.Build.0 = Debug|Any CPU
		{57D64DC3-1662-4CAA-82A8-9C7BE5296CDC}.Release|Any CPU.ActiveCfg = Release|Any CPU
		{57D64DC3-1662-4CAA-82A8-9C7BE5296CDC}.Release|Any CPU.Build.0 = Release|Any CPU
	EndGlobalSection
	GlobalSection(SolutionProperties) = preSolution
		HideSolutionNode = FALSE
	EndGlobalSection
EndGlobal
